
Microsoft Visual Studio Solution File, Format Version 12.00
# Visual Studio 2013
VisualStudioVersion = 12.0.21005.1
MinimumVisualStudioVersion = 10.0.40219.1
Project("{FAE04EC0-301F-11D3-BF4B-00C04F79EFBC}") = "TP配置网站", "TP配置网站.csproj", "{DACC9CE2-F307-46C6-BC86-E3F30973622D}"
EndProject
Global
	GlobalSection(SolutionConfigurationPlatforms) = preSolution
		Debug|Any CPU = Debug|Any CPU
		Release|Any CPU = Release|Any CPU
	EndGlobalSection
	GlobalSection(ProjectConfigurationPlatforms) = postSolution
		{DACC9CE2-F307-46C6-BC86-E3F30973622D}.Debug|Any CPU.ActiveCfg = Debug|Any CPU
		{DACC9CE2-F307-46C6-BC86-E3F30973622D}.Debug|Any CPU.Build.0 = Debug|Any CPU
		{DACC9CE2-F307-46C6-BC86-E3F30973622D}.Release|Any CPU.ActiveCfg = Release|Any CPU
		{DACC9CE2-F307-46C6-BC86-E3F30973622D}.Release|Any CPU.Build.0 = Release|Any CPU
	EndGlobalSection
	GlobalSection(SolutionProperties) = preSolution
		HideSolutionNode = FALSE
	EndGlobalSection
EndGlobal
