<?xml version="1.0" encoding="utf-8"?>
<Project ToolsVersion="4.0" xmlns="http://schemas.microsoft.com/developer/msbuild/2003">
  <ItemGroup>
    <ClCompile Include="Config\GUIConf.c">
      <Filter>Config</Filter>
    </ClCompile>
    <ClCompile Include="Config\LCDConf.c">
      <Filter>Config</Filter>
    </ClCompile>
    <ClCompile Include="Config\SIMConf.c">
      <Filter>Config</Filter>
    </ClCompile>
    <ClCompile Include="Simulation\WinMain.c">
      <Filter>Simulation</Filter>
    </ClCompile>
    <ClCompile Include="uCOS\Source\os_core.c">
      <Filter>uCOS\Source</Filter>
    </ClCompile>
    <ClCompile Include="uCOS\Source\os_flag.c">
      <Filter>uCOS\Source</Filter>
    </ClCompile>
    <ClCompile Include="uCOS\Source\os_mbox.c">
      <Filter>uCOS\Source</Filter>
    </ClCompile>
    <ClCompile Include="uCOS\Source\os_mem.c">
      <Filter>uCOS\Source</Filter>
    </ClCompile>
    <ClCompile Include="uCOS\Source\os_mutex.c">
      <Filter>uCOS\Source</Filter>
    </ClCompile>
    <ClCompile Include="uCOS\Source\os_q.c">
      <Filter>uCOS\Source</Filter>
    </ClCompile>
    <ClCompile Include="uCOS\Source\os_sem.c">
      <Filter>uCOS\Source</Filter>
    </ClCompile>
    <ClCompile Include="uCOS\Source\os_task.c">
      <Filter>uCOS\Source</Filter>
    </ClCompile>
    <ClCompile Include="uCOS\Source\os_time.c">
      <Filter>uCOS\Source</Filter>
    </ClCompile>
    <ClCompile Include="uCOS\Source\os_tmr.c">
      <Filter>uCOS\Source</Filter>
    </ClCompile>
    <ClCompile Include="uCOS\Ports\os_cpu_c.c">
      <Filter>uCOS\Ports</Filter>
    </ClCompile>
    <ClCompile Include="uCOS\Ports\pc.c">
      <Filter>uCOS\Ports</Filter>
    </ClCompile>
    <ClCompile Include="uCOS\Ports\os_dbg.c">
      <Filter>uCOS\Ports</Filter>
    </ClCompile>
    <ClCompile Include="App\uCOS_APP.c">
      <Filter>App</Filter>
    </ClCompile>
    <ClCompile Include="App\emWin_App.c">
      <Filter>App</Filter>
    </ClCompile>
    <ClCompile Include="App\Login.c">
      <Filter>App</Filter>
    </ClCompile>
  </ItemGroup>
  <ItemGroup>
    <ClInclude Include="Config\GUIConf.h">
      <Filter>Config</Filter>
    </ClInclude>
    <ClInclude Include="Config\LCDConf.h">
      <Filter>Config</Filter>
    </ClInclude>
    <ClInclude Include="Simulation\GUI_SIM_Win32.h">
      <Filter>Simulation</Filter>
    </ClInclude>
    <ClInclude Include="GUI\BUTTON.h">
      <Filter>GUI</Filter>
    </ClInclude>
    <ClInclude Include="GUI\WM_Intern_ConfDep.h">
      <Filter>GUI</Filter>
    </ClInclude>
    <ClInclude Include="GUI\BUTTON_Private.h">
      <Filter>GUI</Filter>
    </ClInclude>
    <ClInclude Include="GUI\CHECKBOX.h">
      <Filter>GUI</Filter>
    </ClInclude>
    <ClInclude Include="GUI\CHECKBOX_Private.h">
      <Filter>GUI</Filter>
    </ClInclude>
    <ClInclude Include="GUI\DIALOG.h">
      <Filter>GUI</Filter>
    </ClInclude>
    <ClInclude Include="GUI\DIALOG_Intern.h">
      <Filter>GUI</Filter>
    </ClInclude>
    <ClInclude Include="GUI\DROPDOWN.h">
      <Filter>GUI</Filter>
    </ClInclude>
    <ClInclude Include="GUI\DROPDOWN_Private.h">
      <Filter>GUI</Filter>
    </ClInclude>
    <ClInclude Include="GUI\EDIT.h">
      <Filter>GUI</Filter>
    </ClInclude>
    <ClInclude Include="GUI\EDIT_Private.h">
      <Filter>GUI</Filter>
    </ClInclude>
    <ClInclude Include="GUI\FRAMEWIN.h">
      <Filter>GUI</Filter>
    </ClInclude>
    <ClInclude Include="GUI\FRAMEWIN_Private.h">
      <Filter>GUI</Filter>
    </ClInclude>
    <ClInclude Include="GUI\Global.h">
      <Filter>GUI</Filter>
    </ClInclude>
    <ClInclude Include="GUI\GRAPH.h">
      <Filter>GUI</Filter>
    </ClInclude>
    <ClInclude Include="GUI\GRAPH_Private.h">
      <Filter>GUI</Filter>
    </ClInclude>
    <ClInclude Include="GUI\GUI.h">
      <Filter>GUI</Filter>
    </ClInclude>
    <ClInclude Include="GUI\GUI_ARRAY.h">
      <Filter>GUI</Filter>
    </ClInclude>
    <ClInclude Include="GUI\GUI_ARRAY_Private.h">
      <Filter>GUI</Filter>
    </ClInclude>
    <ClInclude Include="GUI\GUI_BMP_Private.h">
      <Filter>GUI</Filter>
    </ClInclude>
    <ClInclude Include="GUI\GUI_ConfDefaults.h">
      <Filter>GUI</Filter>
    </ClInclude>
    <ClInclude Include="GUI\GUI_Debug.h">
      <Filter>GUI</Filter>
    </ClInclude>
    <ClInclude Include="GUI\GUI_FontIntern.h">
      <Filter>GUI</Filter>
    </ClInclude>
    <ClInclude Include="GUI\GUI_GIF_Private.h">
      <Filter>GUI</Filter>
    </ClInclude>
    <ClInclude Include="GUI\GUI_HOOK.h">
      <Filter>GUI</Filter>
    </ClInclude>
    <ClInclude Include="GUI\GUI_JPEG_Private.h">
      <Filter>GUI</Filter>
    </ClInclude>
    <ClInclude Include="GUI\GUI_Private.h">
      <Filter>GUI</Filter>
    </ClInclude>
    <ClInclude Include="GUI\GUI_SIM_Win32.h">
      <Filter>GUI</Filter>
    </ClInclude>
    <ClInclude Include="GUI\GUI_Type.h">
      <Filter>GUI</Filter>
    </ClInclude>
    <ClInclude Include="GUI\GUI_Version.h">
      <Filter>GUI</Filter>
    </ClInclude>
    <ClInclude Include="GUI\GUI_VNC.h">
      <Filter>GUI</Filter>
    </ClInclude>
    <ClInclude Include="GUI\HEADER.h">
      <Filter>GUI</Filter>
    </ClInclude>
    <ClInclude Include="GUI\HEADER_Private.h">
      <Filter>GUI</Filter>
    </ClInclude>
    <ClInclude Include="GUI\ICONVIEW.h">
      <Filter>GUI</Filter>
    </ClInclude>
    <ClInclude Include="GUI\ICONVIEW_Private.h">
      <Filter>GUI</Filter>
    </ClInclude>
    <ClInclude Include="GUI\LCD.h">
      <Filter>GUI</Filter>
    </ClInclude>
    <ClInclude Include="GUI\LCD_ConfDefaults.h">
      <Filter>GUI</Filter>
    </ClInclude>
    <ClInclude Include="GUI\LCD_Private.h">
      <Filter>GUI</Filter>
    </ClInclude>
    <ClInclude Include="GUI\LCD_Protected.h">
      <Filter>GUI</Filter>
    </ClInclude>
    <ClInclude Include="GUI\LCD_SIM.h">
      <Filter>GUI</Filter>
    </ClInclude>
    <ClInclude Include="GUI\LCDSIM_Private.h">
      <Filter>GUI</Filter>
    </ClInclude>
    <ClInclude Include="GUI\LISTBOX.h">
      <Filter>GUI</Filter>
    </ClInclude>
    <ClInclude Include="GUI\LISTBOX_Private.h">
      <Filter>GUI</Filter>
    </ClInclude>
    <ClInclude Include="GUI\LISTVIEW.h">
      <Filter>GUI</Filter>
    </ClInclude>
    <ClInclude Include="GUI\LISTVIEW_Private.h">
      <Filter>GUI</Filter>
    </ClInclude>
    <ClInclude Include="GUI\LISTWHEEL.h">
      <Filter>GUI</Filter>
    </ClInclude>
    <ClInclude Include="GUI\LISTWHEEL_Private.h">
      <Filter>GUI</Filter>
    </ClInclude>
    <ClInclude Include="GUI\MENU.h">
      <Filter>GUI</Filter>
    </ClInclude>
    <ClInclude Include="GUI\MENU_Private.h">
      <Filter>GUI</Filter>
    </ClInclude>
    <ClInclude Include="GUI\MESSAGEBOX.h">
      <Filter>GUI</Filter>
    </ClInclude>
    <ClInclude Include="GUI\MULTIEDIT.h">
      <Filter>GUI</Filter>
    </ClInclude>
    <ClInclude Include="GUI\MULTIPAGE.h">
      <Filter>GUI</Filter>
    </ClInclude>
    <ClInclude Include="GUI\MULTIPAGE_Private.h">
      <Filter>GUI</Filter>
    </ClInclude>
    <ClInclude Include="GUI\PROGBAR.h">
      <Filter>GUI</Filter>
    </ClInclude>
    <ClInclude Include="GUI\PROGBAR_Private.h">
      <Filter>GUI</Filter>
    </ClInclude>
    <ClInclude Include="GUI\RADIO.h">
      <Filter>GUI</Filter>
    </ClInclude>
    <ClInclude Include="GUI\RADIO_Private.h">
      <Filter>GUI</Filter>
    </ClInclude>
    <ClInclude Include="GUI\SCROLLBAR.h">
      <Filter>GUI</Filter>
    </ClInclude>
    <ClInclude Include="GUI\SCROLLBAR_Private.h">
      <Filter>GUI</Filter>
    </ClInclude>
    <ClInclude Include="GUI\SIM.h">
      <Filter>GUI</Filter>
    </ClInclude>
    <ClInclude Include="GUI\SIM_GetRegions.h">
      <Filter>GUI</Filter>
    </ClInclude>
    <ClInclude Include="GUI\SLIDER.h">
      <Filter>GUI</Filter>
    </ClInclude>
    <ClInclude Include="GUI\SLIDER_Private.h">
      <Filter>GUI</Filter>
    </ClInclude>
    <ClInclude Include="GUI\TEXT.h">
      <Filter>GUI</Filter>
    </ClInclude>
    <ClInclude Include="GUI\TEXT_Private.h">
      <Filter>GUI</Filter>
    </ClInclude>
    <ClInclude Include="GUI\TREEVIEW.h">
      <Filter>GUI</Filter>
    </ClInclude>
    <ClInclude Include="GUI\TREEVIEW_Private.h">
      <Filter>GUI</Filter>
    </ClInclude>
    <ClInclude Include="GUI\WIDGET.h">
      <Filter>GUI</Filter>
    </ClInclude>
    <ClInclude Include="GUI\WINDOW_Private.h">
      <Filter>GUI</Filter>
    </ClInclude>
    <ClInclude Include="GUI\WM.h">
      <Filter>GUI</Filter>
    </ClInclude>
    <ClInclude Include="GUI\WM_GUI.h">
      <Filter>GUI</Filter>
    </ClInclude>
    <ClInclude Include="GUI\WM_Intern.h">
      <Filter>GUI</Filter>
    </ClInclude>
    <ClInclude Include="uCOS\Source\ucos_ii.h">
      <Filter>uCOS\Source</Filter>
    </ClInclude>
    <ClInclude Include="uCOS\Ports\app_cfg.h">
      <Filter>uCOS\Ports</Filter>
    </ClInclude>
    <ClInclude Include="uCOS\Ports\os_cfg.h">
      <Filter>uCOS\Ports</Filter>
    </ClInclude>
    <ClInclude Include="uCOS\Ports\ucos_includes.h">
      <Filter>uCOS\Ports</Filter>
    </ClInclude>
    <ClInclude Include="uCOS\Ports\os_cpu.h">
      <Filter>uCOS\Ports</Filter>
    </ClInclude>
    <ClInclude Include="uCOS\Ports\pc.h">
      <Filter>uCOS\Ports</Filter>
    </ClInclude>
  </ItemGroup>
  <ItemGroup>
    <Library Include="GUI\GUI.lib">
      <Filter>GUI</Filter>
    </Library>
    <Library Include="Simulation\GUIx86.lib">
      <Filter>Simulation</Filter>
    </Library>
  </ItemGroup>
  <ItemGroup>
    <Filter Include="App">
      <UniqueIdentifier>{34c5142b-907d-41f4-be00-d91f49c4c95f}</UniqueIdentifier>
    </Filter>
    <Filter Include="Config">
      <UniqueIdentifier>{7409caa9-c234-4e04-a7e5-030d515c32f9}</UniqueIdentifier>
    </Filter>
    <Filter Include="GUI">
      <UniqueIdentifier>{2b96b9ce-8819-4352-8cd9-4e4fbe636fe6}</UniqueIdentifier>
    </Filter>
    <Filter Include="Simulation">
      <UniqueIdentifier>{e6ddfb43-5c23-4b18-9f68-1a75fb7161ea}</UniqueIdentifier>
    </Filter>
    <Filter Include="uCOS">
      <UniqueIdentifier>{ed4aa2d6-a743-459d-a848-7e6023986e55}</UniqueIdentifier>
    </Filter>
    <Filter Include="uCOS\Source">
      <UniqueIdentifier>{b1a350b2-32ea-4ec7-a9b9-5599fc2ffc8e}</UniqueIdentifier>
    </Filter>
    <Filter Include="uCOS\Ports">
      <UniqueIdentifier>{ef0d53ee-8c71-4508-8587-4169cb10afab}</UniqueIdentifier>
    </Filter>
  </ItemGroup>
  <ItemGroup>
    <Resource Include="Simulation\Simulation.res">
      <Filter>Simulation</Filter>
    </Resource>
  </ItemGroup>
</Project>