
Microsoft Visual Studio Solution File, Format Version 12.00
# Visual Studio 14
VisualStudioVersion = 14.0.24720.0
MinimumVisualStudioVersion = 10.0.40219.1
Project("{FAE04EC0-301F-11D3-BF4B-00C04F79EFBC}") = "WORD替换", "WORD替换\WORD替换.csproj", "{5AD1815F-BE75-4D83-B8AC-7B3AA352D4ED}"
EndProject
Global
	GlobalSection(SolutionConfigurationPlatforms) = preSolution
		Debug|Any CPU = Debug|Any CPU
		Release|Any CPU = Release|Any CPU
	EndGlobalSection
	GlobalSection(ProjectConfigurationPlatforms) = postSolution
		{5AD1815F-BE75-4D83-B8AC-7B3AA352D4ED}.Debug|Any CPU.ActiveCfg = Debug|Any CPU
		{5AD1815F-BE75-4D83-B8AC-7B3AA352D4ED}.Debug|Any CPU.Build.0 = Debug|Any CPU
		{5AD1815F-BE75-4D83-B8AC-7B3AA352D4ED}.Release|Any CPU.ActiveCfg = Release|Any CPU
		{5AD1815F-BE75-4D83-B8AC-7B3AA352D4ED}.Release|Any CPU.Build.0 = Release|Any CPU
	EndGlobalSection
	GlobalSection(SolutionProperties) = preSolution
		HideSolutionNode = FALSE
	EndGlobalSection
EndGlobal
