
Microsoft Visual Studio Solution File, Format Version 10.00
# Visual Studio 2008
Project("{FAE04EC0-301F-11D3-BF4B-00C04F79EFBC}") = "DTU配置工具V1.0", "DTU配置工具V1.0\DTU配置工具V1.0.csproj", "{CFF7F0EB-B491-45C7-A555-C1E906A69CAD}"
EndProject
Global
	GlobalSection(SolutionConfigurationPlatforms) = preSolution
		Debug|Any CPU = Debug|Any CPU
		Release|Any CPU = Release|Any CPU
	EndGlobalSection
	GlobalSection(ProjectConfigurationPlatforms) = postSolution
		{CFF7F0EB-B491-45C7-A555-C1E906A69CAD}.Debug|Any CPU.ActiveCfg = Debug|Any CPU
		{CFF7F0EB-B491-45C7-A555-C1E906A69CAD}.Debug|Any CPU.Build.0 = Debug|Any CPU
		{CFF7F0EB-B491-45C7-A555-C1E906A69CAD}.Release|Any CPU.ActiveCfg = Release|Any CPU
		{CFF7F0EB-B491-45C7-A555-C1E906A69CAD}.Release|Any CPU.Build.0 = Release|Any CPU
	EndGlobalSection
	GlobalSection(SolutionProperties) = preSolution
		HideSolutionNode = FALSE
	EndGlobalSection
EndGlobal
