
Microsoft Visual Studio Solution File, Format Version 12.00
# Visual Studio 14
VisualStudioVersion = 14.0.25123.0
MinimumVisualStudioVersion = 10.0.40219.1
Project("{FAE04EC0-301F-11D3-BF4B-00C04F79EFBC}") = "查域名", "查域名\查域名.csproj", "{A4C3F731-ABCD-45E8-BE0A-AFB03760A7DC}"
EndProject
Project("{2150E333-8FDC-42A3-9474-1A3956D46DE8}") = "Solution Items", "Solution Items", "{41067864-BDEB-4870-8DDE-7944230CDF17}"
	ProjectSection(SolutionItems) = preProject
		Value.cs = Value.cs
	EndProjectSection
EndProject
Global
	GlobalSection(SolutionConfigurationPlatforms) = preSolution
		Debug|Any CPU = Debug|Any CPU
		Release|Any CPU = Release|Any CPU
	EndGlobalSection
	GlobalSection(ProjectConfigurationPlatforms) = postSolution
		{A4C3F731-ABCD-45E8-BE0A-AFB03760A7DC}.Debug|Any CPU.ActiveCfg = Debug|Any CPU
		{A4C3F731-ABCD-45E8-BE0A-AFB03760A7DC}.Debug|Any CPU.Build.0 = Debug|Any CPU
		{A4C3F731-ABCD-45E8-BE0A-AFB03760A7DC}.Release|Any CPU.ActiveCfg = Release|Any CPU
		{A4C3F731-ABCD-45E8-BE0A-AFB03760A7DC}.Release|Any CPU.Build.0 = Release|Any CPU
	EndGlobalSection
	GlobalSection(SolutionProperties) = preSolution
		HideSolutionNode = FALSE
	EndGlobalSection
EndGlobal
