
Microsoft Visual Studio Solution File, Format Version 11.00
# Visual Studio 2010
Project("{FAE04EC0-301F-11D3-BF4B-00C04F79EFBC}") = "IcoPng批量转换", "IcoPng批量转换\IcoPng批量转换.csproj", "{D07FA77E-596E-4C87-A47F-BC648EF3ED2D}"
EndProject
Global
	GlobalSection(SolutionConfigurationPlatforms) = preSolution
		Debug|Any CPU = Debug|Any CPU
		Release|Any CPU = Release|Any CPU
	EndGlobalSection
	GlobalSection(ProjectConfigurationPlatforms) = postSolution
		{D07FA77E-596E-4C87-A47F-BC648EF3ED2D}.Debug|Any CPU.ActiveCfg = Debug|Any CPU
		{D07FA77E-596E-4C87-A47F-BC648EF3ED2D}.Debug|Any CPU.Build.0 = Debug|Any CPU
		{D07FA77E-596E-4C87-A47F-BC648EF3ED2D}.Release|Any CPU.ActiveCfg = Release|Any CPU
		{D07FA77E-596E-4C87-A47F-BC648EF3ED2D}.Release|Any CPU.Build.0 = Release|Any CPU
	EndGlobalSection
	GlobalSection(SolutionProperties) = preSolution
		HideSolutionNode = FALSE
	EndGlobalSection
EndGlobal
