
Microsoft Visual Studio Solution File, Format Version 10.00
# Visual Studio 2008
Project("{FAE04EC0-301F-11D3-BF4B-00C04F79EFBC}") = "说明书打印辅助", "说明书打印辅助\说明书打印辅助.csproj", "{410A14C7-05D0-47E8-81C7-2C9E4DB05EAD}"
EndProject
Global
	GlobalSection(SolutionConfigurationPlatforms) = preSolution
		Debug|Any CPU = Debug|Any CPU
		Release|Any CPU = Release|Any CPU
	EndGlobalSection
	GlobalSection(ProjectConfigurationPlatforms) = postSolution
		{410A14C7-05D0-47E8-81C7-2C9E4DB05EAD}.Debug|Any CPU.ActiveCfg = Debug|Any CPU
		{410A14C7-05D0-47E8-81C7-2C9E4DB05EAD}.Debug|Any CPU.Build.0 = Debug|Any CPU
		{410A14C7-05D0-47E8-81C7-2C9E4DB05EAD}.Release|Any CPU.ActiveCfg = Release|Any CPU
		{410A14C7-05D0-47E8-81C7-2C9E4DB05EAD}.Release|Any CPU.Build.0 = Release|Any CPU
	EndGlobalSection
	GlobalSection(SolutionProperties) = preSolution
		HideSolutionNode = FALSE
	EndGlobalSection
EndGlobal
