
Microsoft Visual Studio Solution File, Format Version 10.00
# Visual Studio 2008
Project("{FAE04EC0-301F-11D3-BF4B-00C04F79EFBC}") = "安装卸载服务", "安装卸载服务\安装卸载服务.csproj", "{9C5C3C83-DDB1-4CF3-BCCC-A210B69BBDF8}"
EndProject
Global
	GlobalSection(SolutionConfigurationPlatforms) = preSolution
		Debug|Any CPU = Debug|Any CPU
		Release|Any CPU = Release|Any CPU
	EndGlobalSection
	GlobalSection(ProjectConfigurationPlatforms) = postSolution
		{9C5C3C83-DDB1-4CF3-BCCC-A210B69BBDF8}.Debug|Any CPU.ActiveCfg = Debug|Any CPU
		{9C5C3C83-DDB1-4CF3-BCCC-A210B69BBDF8}.Debug|Any CPU.Build.0 = Debug|Any CPU
		{9C5C3C83-DDB1-4CF3-BCCC-A210B69BBDF8}.Release|Any CPU.ActiveCfg = Release|Any CPU
		{9C5C3C83-DDB1-4CF3-BCCC-A210B69BBDF8}.Release|Any CPU.Build.0 = Release|Any CPU
	EndGlobalSection
	GlobalSection(SolutionProperties) = preSolution
		HideSolutionNode = FALSE
	EndGlobalSection
EndGlobal
